
Microsoft Visual Studio Solution File, Format Version 12.00
# Visual Studio Version 17
VisualStudioVersion = 17.9.34723.18
MinimumVisualStudioVersion = 10.0.40219.1
Project("{FAE04EC0-301F-11D3-BF4B-00C04F79EFBC}") = "RadarLibrary", "RadarLibrary\RadarLibrary.csproj", "{420E0AF0-ABBA-4A70-920A-1BF3B3037E3E}"
EndProject
Global
	GlobalSection(SolutionConfigurationPlatforms) = preSolution
		Debug|Any CPU = Debug|Any CPU
		Release|Any CPU = Release|Any CPU
	EndGlobalSection
	GlobalSection(ProjectConfigurationPlatforms) = postSolution
		{420E0AF0-ABBA-4A70-920A-1BF3B3037E3E}.Debug|Any CPU.ActiveCfg = Debug|Any CPU
		{420E0AF0-ABBA-4A70-920A-1BF3B3037E3E}.Debug|Any CPU.Build.0 = Debug|Any CPU
		{420E0AF0-ABBA-4A70-920A-1BF3B3037E3E}.Release|Any CPU.ActiveCfg = Release|Any CPU
		{420E0AF0-ABBA-4A70-920A-1BF3B3037E3E}.Release|Any CPU.Build.0 = Release|Any CPU
	EndGlobalSection
	GlobalSection(SolutionProperties) = preSolution
		HideSolutionNode = FALSE
	EndGlobalSection
	GlobalSection(ExtensibilityGlobals) = postSolution
		SolutionGuid = {6D72DD72-40CF-4A0D-B1ED-2F92C7105D9C}
	EndGlobalSection
EndGlobal
